<?xml version="1.0" encoding="utf-8"?>
<Project ToolsVersion="4.0" xmlns="http://schemas.microsoft.com/developer/msbuild/2003">
  <ItemGroup>
    <Filter Include="Source Files">
      <UniqueIdentifier>{4FC737F1-C7A5-4376-A066-2A32D752A2FF}</UniqueIdentifier>
      <Extensions>cpp;c;cc;cxx;def;odl;idl;hpj;bat;asm;asmx</Extensions>
    </Filter>
    <Filter Include="Header Files">
      <UniqueIdentifier>{93995380-89BD-4b04-88EB-625FBE52EBFB}</UniqueIdentifier>
      <Extensions>h;hh;hpp;hxx;hm;inl;inc;xsd</Extensions>
    </Filter>
    <Filter Include="Resource Files">
      <UniqueIdentifier>{67DA6AB6-F800-4c08-8B7A-83BB121AAD01}</UniqueIdentifier>
      <Extensions>rc;ico;cur;bmp;dlg;rc2;rct;bin;rgs;gif;jpg;jpeg;jpe;resx;tiff;tif;png;wav;mfcribbon-ms</Extensions>
    </Filter>
    <Filter Include="Input">
      <UniqueIdentifier>{43d16c38-d985-4ebf-9ed9-0c7185f07335}</UniqueIdentifier>
    </Filter>
  </ItemGroup>
  <ItemGroup>
    <Text Include="ReadMe.txt" />
    <Text Include="..\input\Day1.txt">
      <Filter>Input</Filter>
    </Text>
    <Text Include="..\input\Day2.txt">
      <Filter>Input</Filter>
    </Text>
    <Text Include="..\input\Day3.txt">
      <Filter>Input</Filter>
    </Text>
    <Text Include="..\input\Day4.txt">
      <Filter>Input</Filter>
    </Text>
    <Text Include="..\input\Day5.txt">
      <Filter>Input</Filter>
    </Text>
    <Text Include="..\input\Day6.txt">
      <Filter>Input</Filter>
    </Text>
    <Text Include="..\input\Day7.txt">
      <Filter>Input</Filter>
    </Text>
    <Text Include="..\input\Day8.txt">
      <Filter>Input</Filter>
    </Text>
    <Text Include="..\input\Day9.txt">
      <Filter>Input</Filter>
    </Text>
    <Text Include="..\input\Day10.txt">
      <Filter>Input</Filter>
    </Text>
    <Text Include="..\input\Day11.txt">
      <Filter>Input</Filter>
    </Text>
    <Text Include="..\input\Day12.txt">
      <Filter>Input</Filter>
    </Text>
    <Text Include="..\input\Day13.txt">
      <Filter>Input</Filter>
    </Text>
    <Text Include="..\input\Day14.txt">
      <Filter>Input</Filter>
    </Text>
    <Text Include="..\input\Day15.txt">
      <Filter>Input</Filter>
    </Text>
    <Text Include="..\input\Day16.txt">
      <Filter>Input</Filter>
    </Text>
    <Text Include="..\input\Day17.txt">
      <Filter>Input</Filter>
    </Text>
    <Text Include="..\input\Day18.txt">
      <Filter>Input</Filter>
    </Text>
    <Text Include="..\input\Day19.txt">
      <Filter>Input</Filter>
    </Text>
    <Text Include="..\input\Day20.txt">
      <Filter>Input</Filter>
    </Text>
    <Text Include="..\input\Day21.txt">
      <Filter>Input</Filter>
    </Text>
    <Text Include="..\input\Day22.txt">
      <Filter>Input</Filter>
    </Text>
    <Text Include="..\input\Day23.txt">
      <Filter>Input</Filter>
    </Text>
    <Text Include="..\input\Day24.txt">
      <Filter>Input</Filter>
    </Text>
    <Text Include="..\input\Day25.txt">
      <Filter>Input</Filter>
    </Text>
  </ItemGroup>
  <ItemGroup>
    <ClInclude Include="stdafx.h">
      <Filter>Header Files</Filter>
    </ClInclude>
    <ClInclude Include="targetver.h">
      <Filter>Header Files</Filter>
    </ClInclude>
    <ClInclude Include="Header\AoCDay.h">
      <Filter>Header Files</Filter>
    </ClInclude>
    <ClInclude Include="Header\Day1.h">
      <Filter>Header Files</Filter>
    </ClInclude>
    <ClInclude Include="Header\Day2.h">
      <Filter>Header Files</Filter>
    </ClInclude>
    <ClInclude Include="Header\Day3.h">
      <Filter>Header Files</Filter>
    </ClInclude>
    <ClInclude Include="Header\Day4.h">
      <Filter>Header Files</Filter>
    </ClInclude>
    <ClInclude Include="Header\Day5.h">
      <Filter>Header Files</Filter>
    </ClInclude>
    <ClInclude Include="Header\Day6.h">
      <Filter>Header Files</Filter>
    </ClInclude>
    <ClInclude Include="Header\Day7.h">
      <Filter>Header Files</Filter>
    </ClInclude>
    <ClInclude Include="Header\Day8.h">
      <Filter>Header Files</Filter>
    </ClInclude>
    <ClInclude Include="Header\Day9.h">
      <Filter>Header Files</Filter>
    </ClInclude>
    <ClInclude Include="Header\Day10.h">
      <Filter>Header Files</Filter>
    </ClInclude>
    <ClInclude Include="Header\Day11.h">
      <Filter>Header Files</Filter>
    </ClInclude>
    <ClInclude Include="Header\Day12.h">
      <Filter>Header Files</Filter>
    </ClInclude>
    <ClInclude Include="Header\Day13.h">
      <Filter>Header Files</Filter>
    </ClInclude>
    <ClInclude Include="Header\Day14.h">
      <Filter>Header Files</Filter>
    </ClInclude>
    <ClInclude Include="Header\Day15.h">
      <Filter>Header Files</Filter>
    </ClInclude>
    <ClInclude Include="Header\Day16.h">
      <Filter>Header Files</Filter>
    </ClInclude>
    <ClInclude Include="Header\Day17.h">
      <Filter>Header Files</Filter>
    </ClInclude>
    <ClInclude Include="Header\Day18.h">
      <Filter>Header Files</Filter>
    </ClInclude>
    <ClInclude Include="Header\Day19.h">
      <Filter>Header Files</Filter>
    </ClInclude>
    <ClInclude Include="Header\Day20.h">
      <Filter>Header Files</Filter>
    </ClInclude>
    <ClInclude Include="Header\Day21.h">
      <Filter>Header Files</Filter>
    </ClInclude>
    <ClInclude Include="Header\Day22.h">
      <Filter>Header Files</Filter>
    </ClInclude>
    <ClInclude Include="Header\Day23.h">
      <Filter>Header Files</Filter>
    </ClInclude>
    <ClInclude Include="Header\Day24.h">
      <Filter>Header Files</Filter>
    </ClInclude>
    <ClInclude Include="Header\Day25.h">
      <Filter>Header Files</Filter>
    </ClInclude>
  </ItemGroup>
  <ItemGroup>
    <ClCompile Include="stdafx.cpp">
      <Filter>Source Files</Filter>
    </ClCompile>
    <ClCompile Include="AdventOfCode.cpp">
      <Filter>Source Files</Filter>
    </ClCompile>
    <ClCompile Include="Source\Day1.cpp">
      <Filter>Source Files</Filter>
    </ClCompile>
    <ClCompile Include="Source\Day2.cpp">
      <Filter>Source Files</Filter>
    </ClCompile>
    <ClCompile Include="Source\Day3.cpp">
      <Filter>Source Files</Filter>
    </ClCompile>
    <ClCompile Include="Source\Day4.cpp">
      <Filter>Source Files</Filter>
    </ClCompile>
    <ClCompile Include="Source\Day5.cpp">
      <Filter>Source Files</Filter>
    </ClCompile>
    <ClCompile Include="Source\day6.cpp">
      <Filter>Source Files</Filter>
    </ClCompile>
    <ClCompile Include="Source\Day7.cpp">
      <Filter>Source Files</Filter>
    </ClCompile>
    <ClCompile Include="Source\Day8.cpp">
      <Filter>Source Files</Filter>
    </ClCompile>
    <ClCompile Include="Source\Day9.cpp">
      <Filter>Source Files</Filter>
    </ClCompile>
    <ClCompile Include="Source\Day10.cpp">
      <Filter>Source Files</Filter>
    </ClCompile>
    <ClCompile Include="Source\Day11.cpp">
      <Filter>Source Files</Filter>
    </ClCompile>
    <ClCompile Include="Source\Day12.cpp">
      <Filter>Source Files</Filter>
    </ClCompile>
    <ClCompile Include="Source\Day13.cpp">
      <Filter>Source Files</Filter>
    </ClCompile>
    <ClCompile Include="Source\Day14.cpp">
      <Filter>Source Files</Filter>
    </ClCompile>
    <ClCompile Include="Source\Day15.cpp">
      <Filter>Source Files</Filter>
    </ClCompile>
    <ClCompile Include="Source\Day16.cpp">
      <Filter>Source Files</Filter>
    </ClCompile>
    <ClCompile Include="Source\Day17.cpp">
      <Filter>Source Files</Filter>
    </ClCompile>
    <ClCompile Include="Source\Day18.cpp">
      <Filter>Source Files</Filter>
    </ClCompile>
    <ClCompile Include="Source\Day19.cpp">
      <Filter>Source Files</Filter>
    </ClCompile>
    <ClCompile Include="Source\Day21.cpp">
      <Filter>Source Files</Filter>
    </ClCompile>
    <ClCompile Include="Source\Day22.cpp">
      <Filter>Source Files</Filter>
    </ClCompile>
    <ClCompile Include="Source\Day23.cpp">
      <Filter>Source Files</Filter>
    </ClCompile>
    <ClCompile Include="Source\Day24.cpp">
      <Filter>Source Files</Filter>
    </ClCompile>
    <ClCompile Include="Source\Day25.cpp">
      <Filter>Source Files</Filter>
    </ClCompile>
    <ClCompile Include="Source\Day20.cpp">
      <Filter>Source Files</Filter>
    </ClCompile>
  </ItemGroup>
</Project>